{
    "_readme": [
        "This file locks the dependencies of your project to a known state",
        "Read more about it at https://getcomposer.org/doc/01-basic-usage.md#composer-lock-the-lock-file",
        "This file is @generated automatically"
    ],
    "hash": "48282e0de3458daa815fa2834b84f475",
    "content-hash": "7745b2b27c9121a52f4f89ac8483f80d",
    "packages": [
        {
            "name": "rspective/voucherify",
            "version": "v0.1.0",
            "source": {
                "type": "git",
                "url": "https://github.com/rspective/voucherify-php-sdk.git",
                "reference": "876a457997cf0ae9e3c4edd52bdf4b645ce6efee"
            },
            "dist": {
                "type": "zip",
                "url": "https://api.github.com/repos/rspective/voucherify-php-sdk/zipball/876a457997cf0ae9e3c4edd52bdf4b645ce6efee",
                "reference": "876a457997cf0ae9e3c4edd52bdf4b645ce6efee",
                "shasum": ""
            },
            "require": {
                "ext-curl": "*",
                "ext-json": "*"
            },
            "type": "library",
            "autoload": {
                "psr-4": {
                    "Voucherify\\": "."
                }
            },
            "notification-url": "https://packagist.org/downloads/",
            "license": [
                "MIT"
            ],
            "description": "PHP SDK for Voucherify. Please visit: www.voucherify.io",
            "homepage": "http://www.voucherify.io/",
            "keywords": [
                "rspective",
                "voucher",
                "voucherify"
            ],
            "time": "2015-12-07 14:13:22"
        }
    ],
    "packages-dev": [],
    "aliases": [],
    "minimum-stability": "stable",
    "stability-flags": [],
    "prefer-stable": false,
    "prefer-lowest": false,
    "platform": [],
    "platform-dev": []
}
