{
    "_readme": [
        "This file locks the dependencies of your project to a known state",
        "Read more about it at https://getcomposer.org/doc/01-basic-usage.md#composer-lock-the-lock-file",
        "This file is @generated automatically"
    ],
    "hash": "581fa544fada3382f3d5e0a53e08898e",
    "content-hash": "252275a81e7424e99932de02399b9478",
    "packages": [
        {
            "name": "rspective/voucherify",
            "version": "dev-master",
            "source": {
                "type": "git",
                "url": "https://github.com/rspective/voucherify-php-sdk.git",
                "reference": "4984d47988e4b37293342aa3e5fc596d4ab0a6b7"
            },
            "dist": {
                "type": "zip",
                "url": "https://api.github.com/repos/rspective/voucherify-php-sdk/zipball/4984d47988e4b37293342aa3e5fc596d4ab0a6b7",
                "reference": "4984d47988e4b37293342aa3e5fc596d4ab0a6b7",
                "shasum": ""
            },
            "require": {
                "ext-curl": "*",
                "ext-json": "*"
            },
            "type": "library",
            "autoload": {
                "psr-4": {
                    "Voucherify\\": "."
                }
            },
            "notification-url": "https://packagist.org/downloads/",
            "license": [
                "MIT"
            ],
            "description": "PHP SDK for Voucherify. Please visit: www.voucherify.io",
            "homepage": "http://www.voucherify.io/",
            "keywords": [
                "rspective",
                "voucher",
                "voucherify"
            ],
            "time": "2015-12-02 14:01:59"
        }
    ],
    "packages-dev": [],
    "aliases": [],
    "minimum-stability": "stable",
    "stability-flags": {
        "rspective/voucherify": 20
    },
    "prefer-stable": false,
    "prefer-lowest": false,
    "platform": [],
    "platform-dev": []
}
