{
    "_readme": [
        "This file locks the dependencies of your project to a known state",
        "Read more about it at https://getcomposer.org/doc/01-basic-usage.md#composer-lock-the-lock-file",
        "This file is @generated automatically"
    ],
    "hash": "581fa544fada3382f3d5e0a53e08898e",
    "content-hash": "252275a81e7424e99932de02399b9478",
    "packages": [
        {
            "name": "rspective/voucherify",
            "version": "dev-master",
            "source": {
                "type": "git",
                "url": "https://github.com/rspective/voucherify-php-sdk.git",
                "reference": "cc5e6472f676b7cee21b42417734c64e2f72bc99"
            },
            "dist": {
                "type": "zip",
                "url": "https://api.github.com/repos/rspective/voucherify-php-sdk/zipball/cc5e6472f676b7cee21b42417734c64e2f72bc99",
                "reference": "cc5e6472f676b7cee21b42417734c64e2f72bc99",
                "shasum": ""
            },
            "require": {
                "ext-curl": "*",
                "ext-json": "*"
            },
            "type": "library",
            "autoload": {
                "psr-4": {
                    "Voucherify\\": "."
                }
            },
            "notification-url": "https://packagist.org/downloads/",
            "license": [
                "MIT"
            ],
            "description": "PHP SDK for Voucherify.",
            "homepage": "https://github.com/rspective/voucherify-php-sdk",
            "keywords": [
                "rspective",
                "voucher",
                "voucherify"
            ],
            "time": "2015-12-02 12:35:30"
        }
    ],
    "packages-dev": [],
    "aliases": [],
    "minimum-stability": "stable",
    "stability-flags": {
        "rspective/voucherify": 20
    },
    "prefer-stable": false,
    "prefer-lowest": false,
    "platform": [],
    "platform-dev": []
}
